
Microsoft Visual Studio Solution File, Format Version 12.00
# Visual Studio 14
VisualStudioVersion = 14.0.22823.1
MinimumVisualStudioVersion = 10.0.40219.1
Project("{FAE04EC0-301F-11D3-BF4B-00C04F79EFBC}") = "TestRxFilter", "TestRxFilter\TestRxFilter.csproj", "{A03B9374-EB62-40F9-A725-52EB867CBA24}"
EndProject
Project("{FAE04EC0-301F-11D3-BF4B-00C04F79EFBC}") = "LeanWork.IO.FileSystem.Watcher", "..\LeanWork.IO.FileSystem.Watcher\LeanWork.IO.FileSystem.Watcher.csproj", "{FC4108C6-0106-48D6-BF77-3B67553C5350}"
EndProject
Global
	GlobalSection(SolutionConfigurationPlatforms) = preSolution
		Debug|Any CPU = Debug|Any CPU
		Release|Any CPU = Release|Any CPU
	EndGlobalSection
	GlobalSection(ProjectConfigurationPlatforms) = postSolution
		{A03B9374-EB62-40F9-A725-52EB867CBA24}.Debug|Any CPU.ActiveCfg = Debug|Any CPU
		{A03B9374-EB62-40F9-A725-52EB867CBA24}.Debug|Any CPU.Build.0 = Debug|Any CPU
		{A03B9374-EB62-40F9-A725-52EB867CBA24}.Release|Any CPU.ActiveCfg = Release|Any CPU
		{A03B9374-EB62-40F9-A725-52EB867CBA24}.Release|Any CPU.Build.0 = Release|Any CPU
		{FC4108C6-0106-48D6-BF77-3B67553C5350}.Debug|Any CPU.ActiveCfg = Debug|Any CPU
		{FC4108C6-0106-48D6-BF77-3B67553C5350}.Debug|Any CPU.Build.0 = Debug|Any CPU
		{FC4108C6-0106-48D6-BF77-3B67553C5350}.Release|Any CPU.ActiveCfg = Release|Any CPU
		{FC4108C6-0106-48D6-BF77-3B67553C5350}.Release|Any CPU.Build.0 = Release|Any CPU
	EndGlobalSection
	GlobalSection(SolutionProperties) = preSolution
		HideSolutionNode = FALSE
	EndGlobalSection
	GlobalSection(TeamFoundationVersionControl) = preSolution
		SccNumberOfProjects = 3
		SccEnterpriseProvider = {4CA58AB2-18FA-4F8D-95D4-32DDF27D184C}
		SccTeamFoundationServer = https://leanwork.visualstudio.com/defaultcollection
		SccLocalPath0 = .
		SccProjectUniqueName1 = TestRxFilter\\TestRxFilter.csproj
		SccProjectName1 = TestRxFilter
		SccLocalPath1 = TestRxFilter
		SccProjectUniqueName2 = ..\\LeanWork.IO.FileSystem.Watcher\\LeanWork.IO.FileSystem.Watcher.csproj
		SccProjectName2 = ../LeanWork.IO.FileSystem.Watcher
		SccLocalPath2 = ..\\LeanWork.IO.FileSystem.Watcher
	EndGlobalSection
EndGlobal
